
Microsoft Visual Studio Solution File, Format Version 12.00
# Visual Studio Version 16
VisualStudioVersion = 16.0.32106.194
MinimumVisualStudioVersion = 10.0.40219.1
Project("{FAE04EC0-301F-11D3-BF4B-00C04F79EFBC}") = "BackTracking", "BackTracking\BackTracking.csproj", "{4A8711FF-5E36-4F3F-AE70-A4256711CDCC}"
EndProject
Global
	GlobalSection(SolutionConfigurationPlatforms) = preSolution
		Debug|Any CPU = Debug|Any CPU
		Release|Any CPU = Release|Any CPU
	EndGlobalSection
	GlobalSection(ProjectConfigurationPlatforms) = postSolution
		{4A8711FF-5E36-4F3F-AE70-A4256711CDCC}.Debug|Any CPU.ActiveCfg = Debug|Any CPU
		{4A8711FF-5E36-4F3F-AE70-A4256711CDCC}.Debug|Any CPU.Build.0 = Debug|Any CPU
		{4A8711FF-5E36-4F3F-AE70-A4256711CDCC}.Release|Any CPU.ActiveCfg = Release|Any CPU
		{4A8711FF-5E36-4F3F-AE70-A4256711CDCC}.Release|Any CPU.Build.0 = Release|Any CPU
	EndGlobalSection
	GlobalSection(SolutionProperties) = preSolution
		HideSolutionNode = FALSE
	EndGlobalSection
	GlobalSection(ExtensibilityGlobals) = postSolution
		SolutionGuid = {7708D666-69C3-49CB-A379-D40DF58211D9}
	EndGlobalSection
EndGlobal
